
Microsoft Visual Studio Solution File, Format Version 12.00
# Visual Studio Version 17
VisualStudioVersion = 17.14.36408.4 d17.14
MinimumVisualStudioVersion = 10.0.40219.1
Project("{FAE04EC0-301F-11D3-BF4B-00C04F79EFBC}") = "HealthSystem2.0_MasonSeale", "HealthSystem2.0_MasonSeale\HealthSystem2.0_MasonSeale.csproj", "{CA58A17D-1968-4990-BCF1-4DA57F094EAB}"
EndProject
Global
	GlobalSection(SolutionConfigurationPlatforms) = preSolution
		Debug|Any CPU = Debug|Any CPU
		Release|Any CPU = Release|Any CPU
	EndGlobalSection
	GlobalSection(ProjectConfigurationPlatforms) = postSolution
		{CA58A17D-1968-4990-BCF1-4DA57F094EAB}.Debug|Any CPU.ActiveCfg = Debug|Any CPU
		{CA58A17D-1968-4990-BCF1-4DA57F094EAB}.Debug|Any CPU.Build.0 = Debug|Any CPU
		{CA58A17D-1968-4990-BCF1-4DA57F094EAB}.Release|Any CPU.ActiveCfg = Release|Any CPU
		{CA58A17D-1968-4990-BCF1-4DA57F094EAB}.Release|Any CPU.Build.0 = Release|Any CPU
	EndGlobalSection
	GlobalSection(SolutionProperties) = preSolution
		HideSolutionNode = FALSE
	EndGlobalSection
	GlobalSection(ExtensibilityGlobals) = postSolution
		SolutionGuid = {AEE486A1-8A44-4006-B711-AAD442BA158F}
	EndGlobalSection
EndGlobal
